
Microsoft Visual Studio Solution File, Format Version 12.00
# Visual Studio 14
VisualStudioVersion = 14.0.23107.0
MinimumVisualStudioVersion = 10.0.40219.1
Project("{FAE04EC0-301F-11D3-BF4B-00C04F79EFBC}") = "Battleship", "Battleship\Battleship.csproj", "{3FFAE6DE-D2C8-48F6-8863-3FEF1A8C3F40}"
EndProject
Project("{FAE04EC0-301F-11D3-BF4B-00C04F79EFBC}") = "TicTacToe", "..\TicTacToe\TicTacToe\TicTacToe\TicTacToe.csproj", "{84E2E5B7-03B8-4EBB-97BA-81776F4CF3EE}"
EndProject
Global
	GlobalSection(SolutionConfigurationPlatforms) = preSolution
		Debug|Any CPU = Debug|Any CPU
		Release|Any CPU = Release|Any CPU
	EndGlobalSection
	GlobalSection(ProjectConfigurationPlatforms) = postSolution
		{3FFAE6DE-D2C8-48F6-8863-3FEF1A8C3F40}.Debug|Any CPU.ActiveCfg = Debug|Any CPU
		{3FFAE6DE-D2C8-48F6-8863-3FEF1A8C3F40}.Debug|Any CPU.Build.0 = Debug|Any CPU
		{3FFAE6DE-D2C8-48F6-8863-3FEF1A8C3F40}.Release|Any CPU.ActiveCfg = Release|Any CPU
		{3FFAE6DE-D2C8-48F6-8863-3FEF1A8C3F40}.Release|Any CPU.Build.0 = Release|Any CPU
		{84E2E5B7-03B8-4EBB-97BA-81776F4CF3EE}.Debug|Any CPU.ActiveCfg = Debug|Any CPU
		{84E2E5B7-03B8-4EBB-97BA-81776F4CF3EE}.Debug|Any CPU.Build.0 = Debug|Any CPU
		{84E2E5B7-03B8-4EBB-97BA-81776F4CF3EE}.Release|Any CPU.ActiveCfg = Release|Any CPU
		{84E2E5B7-03B8-4EBB-97BA-81776F4CF3EE}.Release|Any CPU.Build.0 = Release|Any CPU
	EndGlobalSection
	GlobalSection(SolutionProperties) = preSolution
		HideSolutionNode = FALSE
	EndGlobalSection
EndGlobal
